
Microsoft Visual Studio Solution File, Format Version 12.00
# Visual Studio Version 17
VisualStudioVersion = 17.0.31903.59
MinimumVisualStudioVersion = 10.0.40219.1
Project("{2150E333-8FDC-42A3-9474-1A3956D46DE8}") = "Src", "Src", "{7BC62F2B-B159-40EF-BD7C-670FB167A57B}"
EndProject
Project("{FAE04EC0-301F-11D3-BF4B-00C04F79EFBC}") = "Navz.Plugin.HelloWorld", "Src\Navz.Plugin.HelloWorld\Navz.Plugin.HelloWorld.csproj", "{F5FF33B7-51B8-448E-BD60-8F20DE961BBA}"
EndProject
Project("{2150E333-8FDC-42A3-9474-1A3956D46DE8}") = "Tests", "Tests", "{A0AE72B8-EAD7-4EA5-924B-5530C35CB057}"
EndProject
Project("{FAE04EC0-301F-11D3-BF4B-00C04F79EFBC}") = "Navz.Plugin.HelloWorld.UnitTest", "Tests\Navz.Plugin.HelloWorld.UnitTest\Navz.Plugin.HelloWorld.UnitTest.csproj", "{B5F30D32-0B3B-4945-9D1A-779B5E209F59}"
EndProject
Global
	GlobalSection(SolutionConfigurationPlatforms) = preSolution
		Debug|Any CPU = Debug|Any CPU
		Release|Any CPU = Release|Any CPU
	EndGlobalSection
	GlobalSection(ProjectConfigurationPlatforms) = postSolution
		{F5FF33B7-51B8-448E-BD60-8F20DE961BBA}.Debug|Any CPU.ActiveCfg = Debug|Any CPU
		{F5FF33B7-51B8-448E-BD60-8F20DE961BBA}.Debug|Any CPU.Build.0 = Debug|Any CPU
		{F5FF33B7-51B8-448E-BD60-8F20DE961BBA}.Release|Any CPU.ActiveCfg = Release|Any CPU
		{F5FF33B7-51B8-448E-BD60-8F20DE961BBA}.Release|Any CPU.Build.0 = Release|Any CPU
		{B5F30D32-0B3B-4945-9D1A-779B5E209F59}.Debug|Any CPU.ActiveCfg = Debug|Any CPU
		{B5F30D32-0B3B-4945-9D1A-779B5E209F59}.Debug|Any CPU.Build.0 = Debug|Any CPU
		{B5F30D32-0B3B-4945-9D1A-779B5E209F59}.Release|Any CPU.ActiveCfg = Release|Any CPU
		{B5F30D32-0B3B-4945-9D1A-779B5E209F59}.Release|Any CPU.Build.0 = Release|Any CPU
	EndGlobalSection
	GlobalSection(SolutionProperties) = preSolution
		HideSolutionNode = FALSE
	EndGlobalSection
	GlobalSection(NestedProjects) = preSolution
		{F5FF33B7-51B8-448E-BD60-8F20DE961BBA} = {7BC62F2B-B159-40EF-BD7C-670FB167A57B}
		{B5F30D32-0B3B-4945-9D1A-779B5E209F59} = {A0AE72B8-EAD7-4EA5-924B-5530C35CB057}
	EndGlobalSection
EndGlobal
